
Microsoft Visual Studio Solution File, Format Version 12.00
# Visual Studio Version 17
VisualStudioVersion = 17.1.32328.378
MinimumVisualStudioVersion = 10.0.40219.1
Project("{FAE04EC0-301F-11D3-BF4B-00C04F79EFBC}") = "Future_Vet", "Future_Vet.csproj", "{F701571C-606B-4798-BD19-823F88622FB6}"
EndProject
Project("{FAE04EC0-301F-11D3-BF4B-00C04F79EFBC}") = "Future_Vet.Tests", "..\Future_Vet.Tests\Future_Vet.Tests.csproj", "{5B8B5982-2962-438D-B622-21CF83E11639}"
EndProject
Global
	GlobalSection(SolutionConfigurationPlatforms) = preSolution
		Debug|Any CPU = Debug|Any CPU
		Release|Any CPU = Release|Any CPU
	EndGlobalSection
	GlobalSection(ProjectConfigurationPlatforms) = postSolution
		{F701571C-606B-4798-BD19-823F88622FB6}.Debug|Any CPU.ActiveCfg = Debug|Any CPU
		{F701571C-606B-4798-BD19-823F88622FB6}.Debug|Any CPU.Build.0 = Debug|Any CPU
		{F701571C-606B-4798-BD19-823F88622FB6}.Release|Any CPU.ActiveCfg = Release|Any CPU
		{F701571C-606B-4798-BD19-823F88622FB6}.Release|Any CPU.Build.0 = Release|Any CPU
		{5B8B5982-2962-438D-B622-21CF83E11639}.Debug|Any CPU.ActiveCfg = Debug|Any CPU
		{5B8B5982-2962-438D-B622-21CF83E11639}.Debug|Any CPU.Build.0 = Debug|Any CPU
		{5B8B5982-2962-438D-B622-21CF83E11639}.Release|Any CPU.ActiveCfg = Release|Any CPU
		{5B8B5982-2962-438D-B622-21CF83E11639}.Release|Any CPU.Build.0 = Release|Any CPU
	EndGlobalSection
	GlobalSection(SolutionProperties) = preSolution
		HideSolutionNode = FALSE
	EndGlobalSection
	GlobalSection(ExtensibilityGlobals) = postSolution
		SolutionGuid = {05EC048F-8E20-4B86-8944-832A555A39EC}
	EndGlobalSection
EndGlobal
